
Microsoft Visual Studio Solution File, Format Version 12.00
# Visual Studio 14
VisualStudioVersion = 14.0.23107.0
MinimumVisualStudioVersion = 10.0.40219.1
Project("{FAE04EC0-301F-11D3-BF4B-00C04F79EFBC}") = "Extra_Labb_1", "Extra_Labb_1\Extra_Labb_1.csproj", "{D252A6E4-D573-40BC-A9F8-48A2814E58C9}"
EndProject
Project("{FAE04EC0-301F-11D3-BF4B-00C04F79EFBC}") = "Extra_Labb_1_Test", "Extra_Labb_1_Test\Extra_Labb_1_Test.csproj", "{D4952487-D7BB-44B7-A7CC-857B24566BA7}"
EndProject
Project("{FAE04EC0-301F-11D3-BF4B-00C04F79EFBC}") = "Labb_1_CoinChangerApplication", "Labb_1_CoinChangerApplication\Labb_1_CoinChangerApplication.csproj", "{058177BF-CE76-4B7F-A7D4-43BA81391AD2}"
EndProject
Project("{FAE04EC0-301F-11D3-BF4B-00C04F79EFBC}") = "Labb_1_CoinChangerApplicationTests", "Labb_1_CoinChangerApplicationTests\Labb_1_CoinChangerApplicationTests.csproj", "{946D207B-6D0C-4714-828A-48D0A014C6C1}"
EndProject
Project("{FAE04EC0-301F-11D3-BF4B-00C04F79EFBC}") = "Labb_2_TravelAgency", "Labb_2_TravelAgency\Labb_2_TravelAgency.csproj", "{31937D40-C239-44ED-AD37-918E351A86AE}"
EndProject
Project("{2150E333-8FDC-42A3-9474-1A3956D46DE8}") = "Labb 1", "Labb 1", "{B3B04C82-C830-4EC7-B3BE-7ACCB4C3B2F4}"
EndProject
Project("{2150E333-8FDC-42A3-9474-1A3956D46DE8}") = "Extra", "Extra", "{AF4D1E68-BE27-4B42-B82D-D75733CDD559}"
EndProject
Project("{2150E333-8FDC-42A3-9474-1A3956D46DE8}") = "Labb 2 + 4", "Labb 2 + 4", "{6F99CD35-907F-4CE0-B39E-B9FF166EBDAF}"
EndProject
Project("{2150E333-8FDC-42A3-9474-1A3956D46DE8}") = "Labb 3", "Labb 3", "{CD177FAD-56DD-4BCF-8EFC-656405691CE9}"
EndProject
Project("{2150E333-8FDC-42A3-9474-1A3956D46DE8}") = "Labb 5", "Labb 5", "{3FC01A45-146C-4E3A-8A2E-210D3931DD7E}"
EndProject
Project("{FAE04EC0-301F-11D3-BF4B-00C04F79EFBC}") = "Labb_2_TravelAgencyTest", "Labb_2_TravelAgencyTest\Labb_2_TravelAgencyTest.csproj", "{4C541F4D-D686-4BC8-89E0-5AA085058CDD}"
EndProject
Project("{FAE04EC0-301F-11D3-BF4B-00C04F79EFBC}") = "Labb_5_TravelAgency_5", "Labb_5_TravelAgency_5\Labb_5_TravelAgency_5.csproj", "{86D8B0D3-75ED-402F-BD72-B5192B2DECE7}"
EndProject
Project("{FAE04EC0-301F-11D3-BF4B-00C04F79EFBC}") = "Labb_5_TravelAgencyTest_5", "Labb_5_TravelAgencyTest_5\Labb_5_TravelAgencyTest_5.csproj", "{A392A55E-15F5-4EB2-AD2D-C648136A7B8B}"
EndProject
Global
	GlobalSection(SolutionConfigurationPlatforms) = preSolution
		Debug|Any CPU = Debug|Any CPU
		Release|Any CPU = Release|Any CPU
	EndGlobalSection
	GlobalSection(ProjectConfigurationPlatforms) = postSolution
		{D252A6E4-D573-40BC-A9F8-48A2814E58C9}.Debug|Any CPU.ActiveCfg = Debug|Any CPU
		{D252A6E4-D573-40BC-A9F8-48A2814E58C9}.Debug|Any CPU.Build.0 = Debug|Any CPU
		{D252A6E4-D573-40BC-A9F8-48A2814E58C9}.Release|Any CPU.ActiveCfg = Release|Any CPU
		{D252A6E4-D573-40BC-A9F8-48A2814E58C9}.Release|Any CPU.Build.0 = Release|Any CPU
		{D4952487-D7BB-44B7-A7CC-857B24566BA7}.Debug|Any CPU.ActiveCfg = Debug|Any CPU
		{D4952487-D7BB-44B7-A7CC-857B24566BA7}.Debug|Any CPU.Build.0 = Debug|Any CPU
		{D4952487-D7BB-44B7-A7CC-857B24566BA7}.Release|Any CPU.ActiveCfg = Release|Any CPU
		{D4952487-D7BB-44B7-A7CC-857B24566BA7}.Release|Any CPU.Build.0 = Release|Any CPU
		{058177BF-CE76-4B7F-A7D4-43BA81391AD2}.Debug|Any CPU.ActiveCfg = Debug|Any CPU
		{058177BF-CE76-4B7F-A7D4-43BA81391AD2}.Debug|Any CPU.Build.0 = Debug|Any CPU
		{058177BF-CE76-4B7F-A7D4-43BA81391AD2}.Release|Any CPU.ActiveCfg = Release|Any CPU
		{058177BF-CE76-4B7F-A7D4-43BA81391AD2}.Release|Any CPU.Build.0 = Release|Any CPU
		{946D207B-6D0C-4714-828A-48D0A014C6C1}.Debug|Any CPU.ActiveCfg = Debug|Any CPU
		{946D207B-6D0C-4714-828A-48D0A014C6C1}.Debug|Any CPU.Build.0 = Debug|Any CPU
		{946D207B-6D0C-4714-828A-48D0A014C6C1}.Release|Any CPU.ActiveCfg = Release|Any CPU
		{946D207B-6D0C-4714-828A-48D0A014C6C1}.Release|Any CPU.Build.0 = Release|Any CPU
		{31937D40-C239-44ED-AD37-918E351A86AE}.Debug|Any CPU.ActiveCfg = Debug|Any CPU
		{31937D40-C239-44ED-AD37-918E351A86AE}.Debug|Any CPU.Build.0 = Debug|Any CPU
		{31937D40-C239-44ED-AD37-918E351A86AE}.Release|Any CPU.ActiveCfg = Release|Any CPU
		{31937D40-C239-44ED-AD37-918E351A86AE}.Release|Any CPU.Build.0 = Release|Any CPU
		{4C541F4D-D686-4BC8-89E0-5AA085058CDD}.Debug|Any CPU.ActiveCfg = Debug|Any CPU
		{4C541F4D-D686-4BC8-89E0-5AA085058CDD}.Debug|Any CPU.Build.0 = Debug|Any CPU
		{4C541F4D-D686-4BC8-89E0-5AA085058CDD}.Release|Any CPU.ActiveCfg = Release|Any CPU
		{4C541F4D-D686-4BC8-89E0-5AA085058CDD}.Release|Any CPU.Build.0 = Release|Any CPU
		{86D8B0D3-75ED-402F-BD72-B5192B2DECE7}.Debug|Any CPU.ActiveCfg = Debug|Any CPU
		{86D8B0D3-75ED-402F-BD72-B5192B2DECE7}.Debug|Any CPU.Build.0 = Debug|Any CPU
		{86D8B0D3-75ED-402F-BD72-B5192B2DECE7}.Release|Any CPU.ActiveCfg = Release|Any CPU
		{86D8B0D3-75ED-402F-BD72-B5192B2DECE7}.Release|Any CPU.Build.0 = Release|Any CPU
		{A392A55E-15F5-4EB2-AD2D-C648136A7B8B}.Debug|Any CPU.ActiveCfg = Debug|Any CPU
		{A392A55E-15F5-4EB2-AD2D-C648136A7B8B}.Debug|Any CPU.Build.0 = Debug|Any CPU
		{A392A55E-15F5-4EB2-AD2D-C648136A7B8B}.Release|Any CPU.ActiveCfg = Release|Any CPU
		{A392A55E-15F5-4EB2-AD2D-C648136A7B8B}.Release|Any CPU.Build.0 = Release|Any CPU
	EndGlobalSection
	GlobalSection(SolutionProperties) = preSolution
		HideSolutionNode = FALSE
	EndGlobalSection
	GlobalSection(NestedProjects) = preSolution
		{D252A6E4-D573-40BC-A9F8-48A2814E58C9} = {AF4D1E68-BE27-4B42-B82D-D75733CDD559}
		{D4952487-D7BB-44B7-A7CC-857B24566BA7} = {AF4D1E68-BE27-4B42-B82D-D75733CDD559}
		{058177BF-CE76-4B7F-A7D4-43BA81391AD2} = {B3B04C82-C830-4EC7-B3BE-7ACCB4C3B2F4}
		{946D207B-6D0C-4714-828A-48D0A014C6C1} = {B3B04C82-C830-4EC7-B3BE-7ACCB4C3B2F4}
		{31937D40-C239-44ED-AD37-918E351A86AE} = {6F99CD35-907F-4CE0-B39E-B9FF166EBDAF}
		{4C541F4D-D686-4BC8-89E0-5AA085058CDD} = {6F99CD35-907F-4CE0-B39E-B9FF166EBDAF}
		{86D8B0D3-75ED-402F-BD72-B5192B2DECE7} = {3FC01A45-146C-4E3A-8A2E-210D3931DD7E}
		{A392A55E-15F5-4EB2-AD2D-C648136A7B8B} = {3FC01A45-146C-4E3A-8A2E-210D3931DD7E}
	EndGlobalSection
EndGlobal
